
Microsoft Visual Studio Solution File, Format Version 12.00
# Visual Studio Version 17
VisualStudioVersion = 17.14.37111.16 d17.14
MinimumVisualStudioVersion = 10.0.40219.1
Project("{FAE04EC0-301F-11D3-BF4B-00C04F79EFBC}") = "PokemonApi", "PokemonApi\PokemonApi.csproj", "{FCBE3D9A-66A5-4185-B414-711C53DC5E12}"
EndProject
Global
	GlobalSection(SolutionConfigurationPlatforms) = preSolution
		Debug|Any CPU = Debug|Any CPU
		Release|Any CPU = Release|Any CPU
	EndGlobalSection
	GlobalSection(ProjectConfigurationPlatforms) = postSolution
		{FCBE3D9A-66A5-4185-B414-711C53DC5E12}.Debug|Any CPU.ActiveCfg = Debug|Any CPU
		{FCBE3D9A-66A5-4185-B414-711C53DC5E12}.Debug|Any CPU.Build.0 = Debug|Any CPU
		{FCBE3D9A-66A5-4185-B414-711C53DC5E12}.Release|Any CPU.ActiveCfg = Release|Any CPU
		{FCBE3D9A-66A5-4185-B414-711C53DC5E12}.Release|Any CPU.Build.0 = Release|Any CPU
	EndGlobalSection
	GlobalSection(SolutionProperties) = preSolution
		HideSolutionNode = FALSE
	EndGlobalSection
	GlobalSection(ExtensibilityGlobals) = postSolution
		SolutionGuid = {F7E53B13-CD6A-405B-BF04-58813EAD4DB0}
	EndGlobalSection
EndGlobal
